
Microsoft Visual Studio Solution File, Format Version 12.00
# Visual Studio Version 17
VisualStudioVersion = 17.4.33103.184
MinimumVisualStudioVersion = 10.0.40219.1
Project("{9A19103F-16F7-4668-BE54-9A1E7A4F7556}") = "AgarioModels", "Agario\AgarioModels.csproj", "{5E585D4C-6412-4AC0-AB4A-4F914D56B8F2}"
EndProject
Project("{2150E333-8FDC-42A3-9474-1A3956D46DE8}") = "Common", "Common", "{292FB5A5-535C-496F-B09E-934B43BDA82D}"
EndProject
Project("{9A19103F-16F7-4668-BE54-9A1E7A4F7556}") = "Controllers", "Controllers\Controllers.csproj", "{C12C4115-3430-4A72-ADC3-B6B111FBE26C}"
EndProject
Project("{9A19103F-16F7-4668-BE54-9A1E7A4F7556}") = "Views", "Views\Views.csproj", "{E01CBC8C-E971-48C9-90AD-A5D5EE167671}"
EndProject
Project("{2150E333-8FDC-42A3-9474-1A3956D46DE8}") = "Console", "Console", "{080E1948-D130-4B9F-8303-9553D63411B4}"
EndProject
Project("{FAE04EC0-301F-11D3-BF4B-00C04F79EFBC}") = "ControllersConsole", "ControllersConsole\ControllersConsole.csproj", "{E57BAD03-2559-4B3F-B951-87421C5EF219}"
EndProject
Project("{FAE04EC0-301F-11D3-BF4B-00C04F79EFBC}") = "ViewsConsole", "ViewsConsole\ViewsConsole.csproj", "{53226AB6-52BF-47D8-AF1E-B8D2E6306122}"
EndProject
Project("{FAE04EC0-301F-11D3-BF4B-00C04F79EFBC}") = "AgarioConsole", "AgarioConsole\AgarioConsole.csproj", "{A36E8068-331E-4322-889F-933AE985F283}"
EndProject
Global
	GlobalSection(SolutionConfigurationPlatforms) = preSolution
		Debug|Any CPU = Debug|Any CPU
		Release|Any CPU = Release|Any CPU
	EndGlobalSection
	GlobalSection(ProjectConfigurationPlatforms) = postSolution
		{5E585D4C-6412-4AC0-AB4A-4F914D56B8F2}.Debug|Any CPU.ActiveCfg = Debug|Any CPU
		{5E585D4C-6412-4AC0-AB4A-4F914D56B8F2}.Debug|Any CPU.Build.0 = Debug|Any CPU
		{5E585D4C-6412-4AC0-AB4A-4F914D56B8F2}.Release|Any CPU.ActiveCfg = Release|Any CPU
		{5E585D4C-6412-4AC0-AB4A-4F914D56B8F2}.Release|Any CPU.Build.0 = Release|Any CPU
		{C12C4115-3430-4A72-ADC3-B6B111FBE26C}.Debug|Any CPU.ActiveCfg = Debug|Any CPU
		{C12C4115-3430-4A72-ADC3-B6B111FBE26C}.Debug|Any CPU.Build.0 = Debug|Any CPU
		{C12C4115-3430-4A72-ADC3-B6B111FBE26C}.Release|Any CPU.ActiveCfg = Release|Any CPU
		{C12C4115-3430-4A72-ADC3-B6B111FBE26C}.Release|Any CPU.Build.0 = Release|Any CPU
		{E01CBC8C-E971-48C9-90AD-A5D5EE167671}.Debug|Any CPU.ActiveCfg = Debug|Any CPU
		{E01CBC8C-E971-48C9-90AD-A5D5EE167671}.Debug|Any CPU.Build.0 = Debug|Any CPU
		{E01CBC8C-E971-48C9-90AD-A5D5EE167671}.Release|Any CPU.ActiveCfg = Release|Any CPU
		{E01CBC8C-E971-48C9-90AD-A5D5EE167671}.Release|Any CPU.Build.0 = Release|Any CPU
		{E57BAD03-2559-4B3F-B951-87421C5EF219}.Debug|Any CPU.ActiveCfg = Debug|Any CPU
		{E57BAD03-2559-4B3F-B951-87421C5EF219}.Debug|Any CPU.Build.0 = Debug|Any CPU
		{E57BAD03-2559-4B3F-B951-87421C5EF219}.Release|Any CPU.ActiveCfg = Release|Any CPU
		{E57BAD03-2559-4B3F-B951-87421C5EF219}.Release|Any CPU.Build.0 = Release|Any CPU
		{53226AB6-52BF-47D8-AF1E-B8D2E6306122}.Debug|Any CPU.ActiveCfg = Debug|Any CPU
		{53226AB6-52BF-47D8-AF1E-B8D2E6306122}.Debug|Any CPU.Build.0 = Debug|Any CPU
		{53226AB6-52BF-47D8-AF1E-B8D2E6306122}.Release|Any CPU.ActiveCfg = Release|Any CPU
		{53226AB6-52BF-47D8-AF1E-B8D2E6306122}.Release|Any CPU.Build.0 = Release|Any CPU
		{A36E8068-331E-4322-889F-933AE985F283}.Debug|Any CPU.ActiveCfg = Debug|Any CPU
		{A36E8068-331E-4322-889F-933AE985F283}.Debug|Any CPU.Build.0 = Debug|Any CPU
		{A36E8068-331E-4322-889F-933AE985F283}.Release|Any CPU.ActiveCfg = Release|Any CPU
		{A36E8068-331E-4322-889F-933AE985F283}.Release|Any CPU.Build.0 = Release|Any CPU
	EndGlobalSection
	GlobalSection(SolutionProperties) = preSolution
		HideSolutionNode = FALSE
	EndGlobalSection
	GlobalSection(NestedProjects) = preSolution
		{5E585D4C-6412-4AC0-AB4A-4F914D56B8F2} = {292FB5A5-535C-496F-B09E-934B43BDA82D}
		{C12C4115-3430-4A72-ADC3-B6B111FBE26C} = {292FB5A5-535C-496F-B09E-934B43BDA82D}
		{E01CBC8C-E971-48C9-90AD-A5D5EE167671} = {292FB5A5-535C-496F-B09E-934B43BDA82D}
		{E57BAD03-2559-4B3F-B951-87421C5EF219} = {080E1948-D130-4B9F-8303-9553D63411B4}
		{53226AB6-52BF-47D8-AF1E-B8D2E6306122} = {080E1948-D130-4B9F-8303-9553D63411B4}
		{A36E8068-331E-4322-889F-933AE985F283} = {080E1948-D130-4B9F-8303-9553D63411B4}
	EndGlobalSection
	GlobalSection(ExtensibilityGlobals) = postSolution
		SolutionGuid = {82DD31DE-B4EA-4347-B9F8-CBDA504B1C4E}
	EndGlobalSection
EndGlobal
